
Microsoft Visual Studio Solution File, Format Version 12.00
# Visual Studio Version 16
VisualStudioVersion = 16.0.30717.126
MinimumVisualStudioVersion = 10.0.40219.1
Project("{9A19103F-16F7-4668-BE54-9A1E7A4F7556}") = "DbpfLibrary", "DbpfLibrary\DbpfLibrary.csproj", "{306E0F14-DFAE-4CF3-A408-F16468C07D93}"
EndProject
Project("{FAE04EC0-301F-11D3-BF4B-00C04F79EFBC}") = "BhavFinder", "BhavFinder\BhavFinder.csproj", "{860B2845-3332-4CBA-AA37-2AB93554D66B}"
EndProject
Project("{FAE04EC0-301F-11D3-BF4B-00C04F79EFBC}") = "UtilsLibrary", "UtilsLibrary\UtilsLibrary.csproj", "{04C2A4A9-5CA5-4097-8375-8D54BEAD71EE}"
EndProject
Project("{FAE04EC0-301F-11D3-BF4B-00C04F79EFBC}") = "HcduPlus", "HcduPlus\HcduPlus.csproj", "{8E32A47E-B9F5-43C9-9EE7-2429CB236B24}"
EndProject
Project("{FAE04EC0-301F-11D3-BF4B-00C04F79EFBC}") = "DbpfViewer", "DbpfViewer\DbpfViewer.csproj", "{66ABC881-4829-48CB-B6D9-EA325DB01358}"
EndProject
Global
	GlobalSection(SolutionConfigurationPlatforms) = preSolution
		Debug|Any CPU = Debug|Any CPU
		Release|Any CPU = Release|Any CPU
	EndGlobalSection
	GlobalSection(ProjectConfigurationPlatforms) = postSolution
		{306E0F14-DFAE-4CF3-A408-F16468C07D93}.Debug|Any CPU.ActiveCfg = Debug|Any CPU
		{306E0F14-DFAE-4CF3-A408-F16468C07D93}.Debug|Any CPU.Build.0 = Debug|Any CPU
		{306E0F14-DFAE-4CF3-A408-F16468C07D93}.Release|Any CPU.ActiveCfg = Release|Any CPU
		{306E0F14-DFAE-4CF3-A408-F16468C07D93}.Release|Any CPU.Build.0 = Release|Any CPU
		{860B2845-3332-4CBA-AA37-2AB93554D66B}.Debug|Any CPU.ActiveCfg = Debug|Any CPU
		{860B2845-3332-4CBA-AA37-2AB93554D66B}.Debug|Any CPU.Build.0 = Debug|Any CPU
		{860B2845-3332-4CBA-AA37-2AB93554D66B}.Release|Any CPU.ActiveCfg = Release|Any CPU
		{860B2845-3332-4CBA-AA37-2AB93554D66B}.Release|Any CPU.Build.0 = Release|Any CPU
		{04C2A4A9-5CA5-4097-8375-8D54BEAD71EE}.Debug|Any CPU.ActiveCfg = Debug|Any CPU
		{04C2A4A9-5CA5-4097-8375-8D54BEAD71EE}.Debug|Any CPU.Build.0 = Debug|Any CPU
		{04C2A4A9-5CA5-4097-8375-8D54BEAD71EE}.Release|Any CPU.ActiveCfg = Release|Any CPU
		{04C2A4A9-5CA5-4097-8375-8D54BEAD71EE}.Release|Any CPU.Build.0 = Release|Any CPU
		{8E32A47E-B9F5-43C9-9EE7-2429CB236B24}.Debug|Any CPU.ActiveCfg = Debug|Any CPU
		{8E32A47E-B9F5-43C9-9EE7-2429CB236B24}.Debug|Any CPU.Build.0 = Debug|Any CPU
		{8E32A47E-B9F5-43C9-9EE7-2429CB236B24}.Release|Any CPU.ActiveCfg = Release|Any CPU
		{8E32A47E-B9F5-43C9-9EE7-2429CB236B24}.Release|Any CPU.Build.0 = Release|Any CPU
		{66ABC881-4829-48CB-B6D9-EA325DB01358}.Debug|Any CPU.ActiveCfg = Debug|Any CPU
		{66ABC881-4829-48CB-B6D9-EA325DB01358}.Debug|Any CPU.Build.0 = Debug|Any CPU
		{66ABC881-4829-48CB-B6D9-EA325DB01358}.Release|Any CPU.ActiveCfg = Release|Any CPU
		{66ABC881-4829-48CB-B6D9-EA325DB01358}.Release|Any CPU.Build.0 = Release|Any CPU
	EndGlobalSection
	GlobalSection(SolutionProperties) = preSolution
		HideSolutionNode = FALSE
	EndGlobalSection
	GlobalSection(ExtensibilityGlobals) = postSolution
		SolutionGuid = {D66B2A61-66AA-4762-927D-C9A46DE0C174}
	EndGlobalSection
EndGlobal
